
Microsoft Visual Studio Solution File, Format Version 12.00
# Visual Studio Version 17
VisualStudioVersion = 17.2.32630.192
MinimumVisualStudioVersion = 10.0.40219.1
Project("{2150E333-8FDC-42A3-9474-1A3956D46DE8}") = "AccountManagement", "AccountManagement", "{4960B577-4869-482F-890E-F6C9C2B6BF71}"
EndProject
Project("{2150E333-8FDC-42A3-9474-1A3956D46DE8}") = "BlogManagement", "BlogManagement", "{4BE81BDC-C6D8-452D-A5B5-F8D720EBE652}"
EndProject
Project("{2150E333-8FDC-42A3-9474-1A3956D46DE8}") = "CommentManagement", "CommentManagement", "{FE45C19E-FADA-40AC-9F64-2411B0C45D9E}"
EndProject
Project("{2150E333-8FDC-42A3-9474-1A3956D46DE8}") = "DiscountManagement", "DiscountManagement", "{1C1E2956-8F34-4265-B78C-6716611B3CFC}"
EndProject
Project("{2150E333-8FDC-42A3-9474-1A3956D46DE8}") = "InventoryManagement", "InventoryManagement", "{A045ED59-BF79-4DA1-8403-8C5C8B8568A0}"
EndProject
Project("{2150E333-8FDC-42A3-9474-1A3956D46DE8}") = "ShopManagement", "ShopManagement", "{77D4628E-FDB6-42C4-BCCE-BE59718879EF}"
EndProject
Project("{2150E333-8FDC-42A3-9474-1A3956D46DE8}") = "SM.Application", "SM.Application", "{F495B847-3215-4FFA-9AED-9FCB4B4C6B2B}"
EndProject
Project("{2150E333-8FDC-42A3-9474-1A3956D46DE8}") = "SM.Domain", "SM.Domain", "{44802C11-A087-45BC-8E91-89C5C4C56E3A}"
EndProject
Project("{2150E333-8FDC-42A3-9474-1A3956D46DE8}") = "SM.Infrastructure", "SM.Infrastructure", "{17E427FE-8B6C-42A0-A808-490ADBFA3B24}"
EndProject
Project("{2150E333-8FDC-42A3-9474-1A3956D46DE8}") = "SM.Presentation", "SM.Presentation", "{5740412A-B105-4E1C-A5EB-ABE82429A602}"
EndProject
Project("{2150E333-8FDC-42A3-9474-1A3956D46DE8}") = "IM.Application", "IM.Application", "{85FEC125-8DCC-41EC-94FF-C66253A5A6E2}"
EndProject
Project("{2150E333-8FDC-42A3-9474-1A3956D46DE8}") = "IM.Domain", "IM.Domain", "{781702BE-9CE4-4C5D-92B6-5769B4125FDC}"
EndProject
Project("{2150E333-8FDC-42A3-9474-1A3956D46DE8}") = "IM.Infrastructure", "IM.Infrastructure", "{28F5E3C4-3806-4B2F-ABCA-12A08DB647D4}"
EndProject
Project("{2150E333-8FDC-42A3-9474-1A3956D46DE8}") = "IM.Presentation", "IM.Presentation", "{E50D389D-7F4A-4D72-A043-EEE011B76BFD}"
EndProject
Project("{2150E333-8FDC-42A3-9474-1A3956D46DE8}") = "DM.Application", "DM.Application", "{983093DF-4BBB-4630-B147-E7423A3D0796}"
EndProject
Project("{2150E333-8FDC-42A3-9474-1A3956D46DE8}") = "DM.Domain", "DM.Domain", "{8EEB8507-7ACB-40DC-8E50-16D0894EE1F7}"
EndProject
Project("{2150E333-8FDC-42A3-9474-1A3956D46DE8}") = "DM.Infrastructure", "DM.Infrastructure", "{1D500FF7-02C8-4884-9A23-B7F4862EDE79}"
EndProject
Project("{2150E333-8FDC-42A3-9474-1A3956D46DE8}") = "CM.Application", "CM.Application", "{DE033201-57B2-479A-A080-538EA80E7760}"
EndProject
Project("{2150E333-8FDC-42A3-9474-1A3956D46DE8}") = "CM.Domain", "CM.Domain", "{9D482D5E-D33E-4FC1-AD39-AF7D24BE5F4D}"
EndProject
Project("{2150E333-8FDC-42A3-9474-1A3956D46DE8}") = "CM.Infrastructure", "CM.Infrastructure", "{C301462A-DC0C-4AE1-9781-CA678BC37100}"
EndProject
Project("{2150E333-8FDC-42A3-9474-1A3956D46DE8}") = "BM.Application", "BM.Application", "{E8B94943-C6BF-4431-A291-F6C55B6CD4BB}"
EndProject
Project("{2150E333-8FDC-42A3-9474-1A3956D46DE8}") = "BM.Domain", "BM.Domain", "{83D1DDBC-1D43-41C0-A1E0-54B9FD759C8B}"
EndProject
Project("{2150E333-8FDC-42A3-9474-1A3956D46DE8}") = "BM.Infrastructure", "BM.Infrastructure", "{215424DE-838A-4825-BC99-412D6760C6F0}"
EndProject
Project("{2150E333-8FDC-42A3-9474-1A3956D46DE8}") = "BM.Presentation", "BM.Presentation", "{E9A17718-9C7D-4534-AA73-9019CA8F153D}"
EndProject
Project("{2150E333-8FDC-42A3-9474-1A3956D46DE8}") = "AM.Application", "AM.Application", "{EBADA332-DC13-47B1-890C-0746424DAB02}"
EndProject
Project("{2150E333-8FDC-42A3-9474-1A3956D46DE8}") = "AM.Domain", "AM.Domain", "{9F3E2B55-A745-48DC-84A0-25DADB326D04}"
EndProject
Project("{2150E333-8FDC-42A3-9474-1A3956D46DE8}") = "AM.Infrastructure", "AM.Infrastructure", "{EA3AD2CC-8A37-4F6E-863F-74B978032941}"
EndProject
Project("{9A19103F-16F7-4668-BE54-9A1E7A4F7556}") = "0_Framework", "0_Framework\0_Framework.csproj", "{A26826F1-E313-480E-AF38-E0117D10FEC5}"
EndProject
Project("{9A19103F-16F7-4668-BE54-9A1E7A4F7556}") = "01_PharmacyQuery", "01_PharmacyQuery\01_PharmacyQuery.csproj", "{C81437E9-774D-4998-A8B5-A2989C27E2DE}"
EndProject
Project("{9A19103F-16F7-4668-BE54-9A1E7A4F7556}") = "ShopManagement.Domain", "ShopManagement.Domain\ShopManagement.Domain.csproj", "{9368CA0A-9F28-492D-8E14-F2E19AF86D54}"
EndProject
Project("{9A19103F-16F7-4668-BE54-9A1E7A4F7556}") = "ShopManagement.Application", "ShopManagement.Application\ShopManagement.Application.csproj", "{B2C63534-5FED-40DA-8466-20E2CF59B49C}"
EndProject
Project("{9A19103F-16F7-4668-BE54-9A1E7A4F7556}") = "ShopManagement.Application.Contracts", "ShopManagement.Application.Contracts\ShopManagement.Application.Contracts.csproj", "{7F215D58-28EF-464A-9F44-8BD5298CDDF4}"
EndProject
Project("{9A19103F-16F7-4668-BE54-9A1E7A4F7556}") = "ShopManagement.Configuration", "ShopManagement.Configuration\ShopManagement.Configuration.csproj", "{FCDAC261-7F56-4C5F-9EC2-D8A40A2BE694}"
EndProject
Project("{9A19103F-16F7-4668-BE54-9A1E7A4F7556}") = "ShopManagement.Infrastructure.EFCore", "ShopManagement.Infrastructure.EFCore\ShopManagement.Infrastructure.EFCore.csproj", "{9798402E-4EBE-4291-AA38-9654FCD93C09}"
EndProject
Project("{9A19103F-16F7-4668-BE54-9A1E7A4F7556}") = "ServiceHost", "ServiceHost\ServiceHost.csproj", "{DCDF53C4-D13E-47C2-B403-AAE994E94495}"
EndProject
Project("{9A19103F-16F7-4668-BE54-9A1E7A4F7556}") = "DiscountManagement.Application", "DiscountManagement.Application\DiscountManagement.Application.csproj", "{10777EBF-969B-4A91-9B8B-DFD4EACE4AA7}"
EndProject
Project("{9A19103F-16F7-4668-BE54-9A1E7A4F7556}") = "DiscountManagement.Application.Contract", "DiscountManagement.Application.Contract\DiscountManagement.Application.Contract.csproj", "{A281C2E0-41B8-466C-9EE9-81795EEB5B17}"
EndProject
Project("{9A19103F-16F7-4668-BE54-9A1E7A4F7556}") = "DiscountManagement.Domain", "DiscountManagement.Domain\DiscountManagement.Domain.csproj", "{5A666D0E-D931-45CC-8F95-C17F6BE799DA}"
EndProject
Project("{9A19103F-16F7-4668-BE54-9A1E7A4F7556}") = "DiscountManagement.Configuration", "DiscountManagement.Configuration\DiscountManagement.Configuration.csproj", "{B6E97DDC-2EA9-49EC-8CD4-E7CECC71B0AF}"
EndProject
Project("{9A19103F-16F7-4668-BE54-9A1E7A4F7556}") = "DiscountManagement.Infrastructure.EFCore", "DiscountManagement.Infrastructure.EFCore\DiscountManagement.Infrastructure.EFCore.csproj", "{0B139497-B514-44D3-AC24-870988DC1B66}"
EndProject
Project("{9A19103F-16F7-4668-BE54-9A1E7A4F7556}") = "InventoryManagement.Application", "InventoryManagement.Application\InventoryManagement.Application.csproj", "{D7F45B87-9B4B-48DC-8A91-70240C42B103}"
EndProject
Project("{9A19103F-16F7-4668-BE54-9A1E7A4F7556}") = "InventoryManagement.Application.Contract", "InventoryManagement.Application.Contract\InventoryManagement.Application.Contract.csproj", "{41879A35-79EB-4C28-A6A8-67C9C9728F25}"
EndProject
Project("{9A19103F-16F7-4668-BE54-9A1E7A4F7556}") = "InventoryManagement.Domain", "InventoryManagement.Domain\InventoryManagement.Domain.csproj", "{EE57E957-1473-4931-8FD2-C3DA59327FCD}"
EndProject
Project("{9A19103F-16F7-4668-BE54-9A1E7A4F7556}") = "InventoryManagement.Infrastructure.Configuration", "InventoryManagement.Infrastructure.Configuration\InventoryManagement.Infrastructure.Configuration.csproj", "{C247BF9E-18A1-495E-A558-5B8E3DAC50AC}"
EndProject
Project("{9A19103F-16F7-4668-BE54-9A1E7A4F7556}") = "InventoryMangement.Infrastructure.EFCore", "InventoryMangement.Infrastructure.EFCore\InventoryMangement.Infrastructure.EFCore.csproj", "{A4693455-589C-4D2A-9E55-47DEC0F02373}"
EndProject
Project("{9A19103F-16F7-4668-BE54-9A1E7A4F7556}") = "BlogManagement.Application", "BlogManagement.Application\BlogManagement.Application.csproj", "{9F4F7F36-E4C8-4D6D-B98C-57AC09267048}"
EndProject
Project("{9A19103F-16F7-4668-BE54-9A1E7A4F7556}") = "BlogManagement.Application.Contracts", "BlogManagement.Application.Contracts\BlogManagement.Application.Contracts.csproj", "{4514A479-00BF-4252-8095-8E668A0AB804}"
EndProject
Project("{9A19103F-16F7-4668-BE54-9A1E7A4F7556}") = "BlogManagement.Domain", "BlogManagement.Domain\BlogManagement.Domain.csproj", "{CDDF6909-0147-49D0-B4C5-E4BDFE90A13E}"
EndProject
Project("{9A19103F-16F7-4668-BE54-9A1E7A4F7556}") = "BlogManagement.Infrastructure.Configuration", "BlogManagement.Infrastructure.Configuration\BlogManagement.Infrastructure.Configuration.csproj", "{7F4A9AFC-E8C7-494A-81B0-70C9944FEE12}"
EndProject
Project("{9A19103F-16F7-4668-BE54-9A1E7A4F7556}") = "BlogManagement.Infrastructure.EFCore", "BlogManagement.Infrastructure.EFCore\BlogManagement.Infrastructure.EFCore.csproj", "{CBF104A4-40B6-4445-9419-DB1B8DAE88E3}"
EndProject
Project("{9A19103F-16F7-4668-BE54-9A1E7A4F7556}") = "CommentManagement.Application", "CommentManagement.Application\CommentManagement.Application.csproj", "{032F1AB6-1CCA-4FF2-B808-5D6D267FAC9A}"
EndProject
Project("{9A19103F-16F7-4668-BE54-9A1E7A4F7556}") = "CommentManagement.Application.Contracts", "CommentManagement.Application.Contracts\CommentManagement.Application.Contracts.csproj", "{ABD1C486-8ECD-4A44-BA6B-6F3ED26E053D}"
EndProject
Project("{9A19103F-16F7-4668-BE54-9A1E7A4F7556}") = "CommentManagement.Domain", "CommentManagement.Domain\CommentManagement.Domain.csproj", "{B2D71F82-7D0B-4776-B96D-13442872CF93}"
EndProject
Project("{9A19103F-16F7-4668-BE54-9A1E7A4F7556}") = "CommentManagement.Infrastructure.Configuration", "CommentManagement.Infrastructure.Configuration\CommentManagement.Infrastructure.Configuration.csproj", "{D4E30C3B-818B-4FB4-857D-3A82DD110977}"
EndProject
Project("{9A19103F-16F7-4668-BE54-9A1E7A4F7556}") = "CommnetManagement.Infrastructure.EFCore", "CommnetManagement.Infrastructure.EFCore\CommnetManagement.Infrastructure.EFCore.csproj", "{E289DA78-CC76-408F-A036-2AED6B21348F}"
EndProject
Project("{FAE04EC0-301F-11D3-BF4B-00C04F79EFBC}") = "AccountManagement.Application", "AccountManagement.Application\AccountManagement.Application.csproj", "{77FB6CCA-93FB-4616-A960-67621DC77FAC}"
EndProject
Project("{FAE04EC0-301F-11D3-BF4B-00C04F79EFBC}") = "AccountManagement.Application.Contracts", "AccountManagement.Application.Contracts\AccountManagement.Application.Contracts.csproj", "{DCD5353A-A3CF-4FFE-B283-5AABA2AA3074}"
EndProject
Project("{FAE04EC0-301F-11D3-BF4B-00C04F79EFBC}") = "AccountManagement.Domain", "AccountManagement.Domain\AccountManagement.Domain.csproj", "{C68CB621-56DD-4BC8-84D6-12F728F65589}"
EndProject
Project("{FAE04EC0-301F-11D3-BF4B-00C04F79EFBC}") = "AccountManagement.Configuration", "AccountManagement.Configuration\AccountManagement.Configuration.csproj", "{0348A7C8-392B-4945-A6F8-3E0238479767}"
EndProject
Project("{FAE04EC0-301F-11D3-BF4B-00C04F79EFBC}") = "AccountMangement.Infrastructure.EFCore", "AccountMangement.Infrastructure.EFCore\AccountMangement.Infrastructure.EFCore.csproj", "{015CCCCB-81D6-453E-8C28-64939A3F221E}"
EndProject
Global
	GlobalSection(SolutionConfigurationPlatforms) = preSolution
		Debug|Any CPU = Debug|Any CPU
		Release|Any CPU = Release|Any CPU
	EndGlobalSection
	GlobalSection(ProjectConfigurationPlatforms) = postSolution
		{A26826F1-E313-480E-AF38-E0117D10FEC5}.Debug|Any CPU.ActiveCfg = Debug|Any CPU
		{A26826F1-E313-480E-AF38-E0117D10FEC5}.Debug|Any CPU.Build.0 = Debug|Any CPU
		{A26826F1-E313-480E-AF38-E0117D10FEC5}.Release|Any CPU.ActiveCfg = Release|Any CPU
		{A26826F1-E313-480E-AF38-E0117D10FEC5}.Release|Any CPU.Build.0 = Release|Any CPU
		{C81437E9-774D-4998-A8B5-A2989C27E2DE}.Debug|Any CPU.ActiveCfg = Debug|Any CPU
		{C81437E9-774D-4998-A8B5-A2989C27E2DE}.Debug|Any CPU.Build.0 = Debug|Any CPU
		{C81437E9-774D-4998-A8B5-A2989C27E2DE}.Release|Any CPU.ActiveCfg = Release|Any CPU
		{C81437E9-774D-4998-A8B5-A2989C27E2DE}.Release|Any CPU.Build.0 = Release|Any CPU
		{9368CA0A-9F28-492D-8E14-F2E19AF86D54}.Debug|Any CPU.ActiveCfg = Debug|Any CPU
		{9368CA0A-9F28-492D-8E14-F2E19AF86D54}.Debug|Any CPU.Build.0 = Debug|Any CPU
		{9368CA0A-9F28-492D-8E14-F2E19AF86D54}.Release|Any CPU.ActiveCfg = Release|Any CPU
		{9368CA0A-9F28-492D-8E14-F2E19AF86D54}.Release|Any CPU.Build.0 = Release|Any CPU
		{B2C63534-5FED-40DA-8466-20E2CF59B49C}.Debug|Any CPU.ActiveCfg = Debug|Any CPU
		{B2C63534-5FED-40DA-8466-20E2CF59B49C}.Debug|Any CPU.Build.0 = Debug|Any CPU
		{B2C63534-5FED-40DA-8466-20E2CF59B49C}.Release|Any CPU.ActiveCfg = Release|Any CPU
		{B2C63534-5FED-40DA-8466-20E2CF59B49C}.Release|Any CPU.Build.0 = Release|Any CPU
		{7F215D58-28EF-464A-9F44-8BD5298CDDF4}.Debug|Any CPU.ActiveCfg = Debug|Any CPU
		{7F215D58-28EF-464A-9F44-8BD5298CDDF4}.Debug|Any CPU.Build.0 = Debug|Any CPU
		{7F215D58-28EF-464A-9F44-8BD5298CDDF4}.Release|Any CPU.ActiveCfg = Release|Any CPU
		{7F215D58-28EF-464A-9F44-8BD5298CDDF4}.Release|Any CPU.Build.0 = Release|Any CPU
		{FCDAC261-7F56-4C5F-9EC2-D8A40A2BE694}.Debug|Any CPU.ActiveCfg = Debug|Any CPU
		{FCDAC261-7F56-4C5F-9EC2-D8A40A2BE694}.Debug|Any CPU.Build.0 = Debug|Any CPU
		{FCDAC261-7F56-4C5F-9EC2-D8A40A2BE694}.Release|Any CPU.ActiveCfg = Release|Any CPU
		{FCDAC261-7F56-4C5F-9EC2-D8A40A2BE694}.Release|Any CPU.Build.0 = Release|Any CPU
		{9798402E-4EBE-4291-AA38-9654FCD93C09}.Debug|Any CPU.ActiveCfg = Debug|Any CPU
		{9798402E-4EBE-4291-AA38-9654FCD93C09}.Debug|Any CPU.Build.0 = Debug|Any CPU
		{9798402E-4EBE-4291-AA38-9654FCD93C09}.Release|Any CPU.ActiveCfg = Release|Any CPU
		{9798402E-4EBE-4291-AA38-9654FCD93C09}.Release|Any CPU.Build.0 = Release|Any CPU
		{DCDF53C4-D13E-47C2-B403-AAE994E94495}.Debug|Any CPU.ActiveCfg = Debug|Any CPU
		{DCDF53C4-D13E-47C2-B403-AAE994E94495}.Debug|Any CPU.Build.0 = Debug|Any CPU
		{DCDF53C4-D13E-47C2-B403-AAE994E94495}.Release|Any CPU.ActiveCfg = Release|Any CPU
		{DCDF53C4-D13E-47C2-B403-AAE994E94495}.Release|Any CPU.Build.0 = Release|Any CPU
		{10777EBF-969B-4A91-9B8B-DFD4EACE4AA7}.Debug|Any CPU.ActiveCfg = Debug|Any CPU
		{10777EBF-969B-4A91-9B8B-DFD4EACE4AA7}.Debug|Any CPU.Build.0 = Debug|Any CPU
		{10777EBF-969B-4A91-9B8B-DFD4EACE4AA7}.Release|Any CPU.ActiveCfg = Release|Any CPU
		{10777EBF-969B-4A91-9B8B-DFD4EACE4AA7}.Release|Any CPU.Build.0 = Release|Any CPU
		{A281C2E0-41B8-466C-9EE9-81795EEB5B17}.Debug|Any CPU.ActiveCfg = Debug|Any CPU
		{A281C2E0-41B8-466C-9EE9-81795EEB5B17}.Debug|Any CPU.Build.0 = Debug|Any CPU
		{A281C2E0-41B8-466C-9EE9-81795EEB5B17}.Release|Any CPU.ActiveCfg = Release|Any CPU
		{A281C2E0-41B8-466C-9EE9-81795EEB5B17}.Release|Any CPU.Build.0 = Release|Any CPU
		{5A666D0E-D931-45CC-8F95-C17F6BE799DA}.Debug|Any CPU.ActiveCfg = Debug|Any CPU
		{5A666D0E-D931-45CC-8F95-C17F6BE799DA}.Debug|Any CPU.Build.0 = Debug|Any CPU
		{5A666D0E-D931-45CC-8F95-C17F6BE799DA}.Release|Any CPU.ActiveCfg = Release|Any CPU
		{5A666D0E-D931-45CC-8F95-C17F6BE799DA}.Release|Any CPU.Build.0 = Release|Any CPU
		{B6E97DDC-2EA9-49EC-8CD4-E7CECC71B0AF}.Debug|Any CPU.ActiveCfg = Debug|Any CPU
		{B6E97DDC-2EA9-49EC-8CD4-E7CECC71B0AF}.Debug|Any CPU.Build.0 = Debug|Any CPU
		{B6E97DDC-2EA9-49EC-8CD4-E7CECC71B0AF}.Release|Any CPU.ActiveCfg = Release|Any CPU
		{B6E97DDC-2EA9-49EC-8CD4-E7CECC71B0AF}.Release|Any CPU.Build.0 = Release|Any CPU
		{0B139497-B514-44D3-AC24-870988DC1B66}.Debug|Any CPU.ActiveCfg = Debug|Any CPU
		{0B139497-B514-44D3-AC24-870988DC1B66}.Debug|Any CPU.Build.0 = Debug|Any CPU
		{0B139497-B514-44D3-AC24-870988DC1B66}.Release|Any CPU.ActiveCfg = Release|Any CPU
		{0B139497-B514-44D3-AC24-870988DC1B66}.Release|Any CPU.Build.0 = Release|Any CPU
		{D7F45B87-9B4B-48DC-8A91-70240C42B103}.Debug|Any CPU.ActiveCfg = Debug|Any CPU
		{D7F45B87-9B4B-48DC-8A91-70240C42B103}.Debug|Any CPU.Build.0 = Debug|Any CPU
		{D7F45B87-9B4B-48DC-8A91-70240C42B103}.Release|Any CPU.ActiveCfg = Release|Any CPU
		{D7F45B87-9B4B-48DC-8A91-70240C42B103}.Release|Any CPU.Build.0 = Release|Any CPU
		{41879A35-79EB-4C28-A6A8-67C9C9728F25}.Debug|Any CPU.ActiveCfg = Debug|Any CPU
		{41879A35-79EB-4C28-A6A8-67C9C9728F25}.Debug|Any CPU.Build.0 = Debug|Any CPU
		{41879A35-79EB-4C28-A6A8-67C9C9728F25}.Release|Any CPU.ActiveCfg = Release|Any CPU
		{41879A35-79EB-4C28-A6A8-67C9C9728F25}.Release|Any CPU.Build.0 = Release|Any CPU
		{EE57E957-1473-4931-8FD2-C3DA59327FCD}.Debug|Any CPU.ActiveCfg = Debug|Any CPU
		{EE57E957-1473-4931-8FD2-C3DA59327FCD}.Debug|Any CPU.Build.0 = Debug|Any CPU
		{EE57E957-1473-4931-8FD2-C3DA59327FCD}.Release|Any CPU.ActiveCfg = Release|Any CPU
		{EE57E957-1473-4931-8FD2-C3DA59327FCD}.Release|Any CPU.Build.0 = Release|Any CPU
		{C247BF9E-18A1-495E-A558-5B8E3DAC50AC}.Debug|Any CPU.ActiveCfg = Debug|Any CPU
		{C247BF9E-18A1-495E-A558-5B8E3DAC50AC}.Debug|Any CPU.Build.0 = Debug|Any CPU
		{C247BF9E-18A1-495E-A558-5B8E3DAC50AC}.Release|Any CPU.ActiveCfg = Release|Any CPU
		{C247BF9E-18A1-495E-A558-5B8E3DAC50AC}.Release|Any CPU.Build.0 = Release|Any CPU
		{A4693455-589C-4D2A-9E55-47DEC0F02373}.Debug|Any CPU.ActiveCfg = Debug|Any CPU
		{A4693455-589C-4D2A-9E55-47DEC0F02373}.Debug|Any CPU.Build.0 = Debug|Any CPU
		{A4693455-589C-4D2A-9E55-47DEC0F02373}.Release|Any CPU.ActiveCfg = Release|Any CPU
		{A4693455-589C-4D2A-9E55-47DEC0F02373}.Release|Any CPU.Build.0 = Release|Any CPU
		{9F4F7F36-E4C8-4D6D-B98C-57AC09267048}.Debug|Any CPU.ActiveCfg = Debug|Any CPU
		{9F4F7F36-E4C8-4D6D-B98C-57AC09267048}.Debug|Any CPU.Build.0 = Debug|Any CPU
		{9F4F7F36-E4C8-4D6D-B98C-57AC09267048}.Release|Any CPU.ActiveCfg = Release|Any CPU
		{9F4F7F36-E4C8-4D6D-B98C-57AC09267048}.Release|Any CPU.Build.0 = Release|Any CPU
		{4514A479-00BF-4252-8095-8E668A0AB804}.Debug|Any CPU.ActiveCfg = Debug|Any CPU
		{4514A479-00BF-4252-8095-8E668A0AB804}.Debug|Any CPU.Build.0 = Debug|Any CPU
		{4514A479-00BF-4252-8095-8E668A0AB804}.Release|Any CPU.ActiveCfg = Release|Any CPU
		{4514A479-00BF-4252-8095-8E668A0AB804}.Release|Any CPU.Build.0 = Release|Any CPU
		{CDDF6909-0147-49D0-B4C5-E4BDFE90A13E}.Debug|Any CPU.ActiveCfg = Debug|Any CPU
		{CDDF6909-0147-49D0-B4C5-E4BDFE90A13E}.Debug|Any CPU.Build.0 = Debug|Any CPU
		{CDDF6909-0147-49D0-B4C5-E4BDFE90A13E}.Release|Any CPU.ActiveCfg = Release|Any CPU
		{CDDF6909-0147-49D0-B4C5-E4BDFE90A13E}.Release|Any CPU.Build.0 = Release|Any CPU
		{7F4A9AFC-E8C7-494A-81B0-70C9944FEE12}.Debug|Any CPU.ActiveCfg = Debug|Any CPU
		{7F4A9AFC-E8C7-494A-81B0-70C9944FEE12}.Debug|Any CPU.Build.0 = Debug|Any CPU
		{7F4A9AFC-E8C7-494A-81B0-70C9944FEE12}.Release|Any CPU.ActiveCfg = Release|Any CPU
		{7F4A9AFC-E8C7-494A-81B0-70C9944FEE12}.Release|Any CPU.Build.0 = Release|Any CPU
		{CBF104A4-40B6-4445-9419-DB1B8DAE88E3}.Debug|Any CPU.ActiveCfg = Debug|Any CPU
		{CBF104A4-40B6-4445-9419-DB1B8DAE88E3}.Debug|Any CPU.Build.0 = Debug|Any CPU
		{CBF104A4-40B6-4445-9419-DB1B8DAE88E3}.Release|Any CPU.ActiveCfg = Release|Any CPU
		{CBF104A4-40B6-4445-9419-DB1B8DAE88E3}.Release|Any CPU.Build.0 = Release|Any CPU
		{032F1AB6-1CCA-4FF2-B808-5D6D267FAC9A}.Debug|Any CPU.ActiveCfg = Debug|Any CPU
		{032F1AB6-1CCA-4FF2-B808-5D6D267FAC9A}.Debug|Any CPU.Build.0 = Debug|Any CPU
		{032F1AB6-1CCA-4FF2-B808-5D6D267FAC9A}.Release|Any CPU.ActiveCfg = Release|Any CPU
		{032F1AB6-1CCA-4FF2-B808-5D6D267FAC9A}.Release|Any CPU.Build.0 = Release|Any CPU
		{ABD1C486-8ECD-4A44-BA6B-6F3ED26E053D}.Debug|Any CPU.ActiveCfg = Debug|Any CPU
		{ABD1C486-8ECD-4A44-BA6B-6F3ED26E053D}.Debug|Any CPU.Build.0 = Debug|Any CPU
		{ABD1C486-8ECD-4A44-BA6B-6F3ED26E053D}.Release|Any CPU.ActiveCfg = Release|Any CPU
		{ABD1C486-8ECD-4A44-BA6B-6F3ED26E053D}.Release|Any CPU.Build.0 = Release|Any CPU
		{B2D71F82-7D0B-4776-B96D-13442872CF93}.Debug|Any CPU.ActiveCfg = Debug|Any CPU
		{B2D71F82-7D0B-4776-B96D-13442872CF93}.Debug|Any CPU.Build.0 = Debug|Any CPU
		{B2D71F82-7D0B-4776-B96D-13442872CF93}.Release|Any CPU.ActiveCfg = Release|Any CPU
		{B2D71F82-7D0B-4776-B96D-13442872CF93}.Release|Any CPU.Build.0 = Release|Any CPU
		{D4E30C3B-818B-4FB4-857D-3A82DD110977}.Debug|Any CPU.ActiveCfg = Debug|Any CPU
		{D4E30C3B-818B-4FB4-857D-3A82DD110977}.Debug|Any CPU.Build.0 = Debug|Any CPU
		{D4E30C3B-818B-4FB4-857D-3A82DD110977}.Release|Any CPU.ActiveCfg = Release|Any CPU
		{D4E30C3B-818B-4FB4-857D-3A82DD110977}.Release|Any CPU.Build.0 = Release|Any CPU
		{E289DA78-CC76-408F-A036-2AED6B21348F}.Debug|Any CPU.ActiveCfg = Debug|Any CPU
		{E289DA78-CC76-408F-A036-2AED6B21348F}.Debug|Any CPU.Build.0 = Debug|Any CPU
		{E289DA78-CC76-408F-A036-2AED6B21348F}.Release|Any CPU.ActiveCfg = Release|Any CPU
		{E289DA78-CC76-408F-A036-2AED6B21348F}.Release|Any CPU.Build.0 = Release|Any CPU
		{77FB6CCA-93FB-4616-A960-67621DC77FAC}.Debug|Any CPU.ActiveCfg = Debug|Any CPU
		{77FB6CCA-93FB-4616-A960-67621DC77FAC}.Debug|Any CPU.Build.0 = Debug|Any CPU
		{77FB6CCA-93FB-4616-A960-67621DC77FAC}.Release|Any CPU.ActiveCfg = Release|Any CPU
		{77FB6CCA-93FB-4616-A960-67621DC77FAC}.Release|Any CPU.Build.0 = Release|Any CPU
		{DCD5353A-A3CF-4FFE-B283-5AABA2AA3074}.Debug|Any CPU.ActiveCfg = Debug|Any CPU
		{DCD5353A-A3CF-4FFE-B283-5AABA2AA3074}.Debug|Any CPU.Build.0 = Debug|Any CPU
		{DCD5353A-A3CF-4FFE-B283-5AABA2AA3074}.Release|Any CPU.ActiveCfg = Release|Any CPU
		{DCD5353A-A3CF-4FFE-B283-5AABA2AA3074}.Release|Any CPU.Build.0 = Release|Any CPU
		{C68CB621-56DD-4BC8-84D6-12F728F65589}.Debug|Any CPU.ActiveCfg = Debug|Any CPU
		{C68CB621-56DD-4BC8-84D6-12F728F65589}.Debug|Any CPU.Build.0 = Debug|Any CPU
		{C68CB621-56DD-4BC8-84D6-12F728F65589}.Release|Any CPU.ActiveCfg = Release|Any CPU
		{C68CB621-56DD-4BC8-84D6-12F728F65589}.Release|Any CPU.Build.0 = Release|Any CPU
		{0348A7C8-392B-4945-A6F8-3E0238479767}.Debug|Any CPU.ActiveCfg = Debug|Any CPU
		{0348A7C8-392B-4945-A6F8-3E0238479767}.Debug|Any CPU.Build.0 = Debug|Any CPU
		{0348A7C8-392B-4945-A6F8-3E0238479767}.Release|Any CPU.ActiveCfg = Release|Any CPU
		{0348A7C8-392B-4945-A6F8-3E0238479767}.Release|Any CPU.Build.0 = Release|Any CPU
		{015CCCCB-81D6-453E-8C28-64939A3F221E}.Debug|Any CPU.ActiveCfg = Debug|Any CPU
		{015CCCCB-81D6-453E-8C28-64939A3F221E}.Debug|Any CPU.Build.0 = Debug|Any CPU
		{015CCCCB-81D6-453E-8C28-64939A3F221E}.Release|Any CPU.ActiveCfg = Release|Any CPU
		{015CCCCB-81D6-453E-8C28-64939A3F221E}.Release|Any CPU.Build.0 = Release|Any CPU
	EndGlobalSection
	GlobalSection(SolutionProperties) = preSolution
		HideSolutionNode = FALSE
	EndGlobalSection
	GlobalSection(NestedProjects) = preSolution
		{F495B847-3215-4FFA-9AED-9FCB4B4C6B2B} = {77D4628E-FDB6-42C4-BCCE-BE59718879EF}
		{44802C11-A087-45BC-8E91-89C5C4C56E3A} = {77D4628E-FDB6-42C4-BCCE-BE59718879EF}
		{17E427FE-8B6C-42A0-A808-490ADBFA3B24} = {77D4628E-FDB6-42C4-BCCE-BE59718879EF}
		{5740412A-B105-4E1C-A5EB-ABE82429A602} = {77D4628E-FDB6-42C4-BCCE-BE59718879EF}
		{85FEC125-8DCC-41EC-94FF-C66253A5A6E2} = {A045ED59-BF79-4DA1-8403-8C5C8B8568A0}
		{781702BE-9CE4-4C5D-92B6-5769B4125FDC} = {A045ED59-BF79-4DA1-8403-8C5C8B8568A0}
		{28F5E3C4-3806-4B2F-ABCA-12A08DB647D4} = {A045ED59-BF79-4DA1-8403-8C5C8B8568A0}
		{E50D389D-7F4A-4D72-A043-EEE011B76BFD} = {A045ED59-BF79-4DA1-8403-8C5C8B8568A0}
		{983093DF-4BBB-4630-B147-E7423A3D0796} = {1C1E2956-8F34-4265-B78C-6716611B3CFC}
		{8EEB8507-7ACB-40DC-8E50-16D0894EE1F7} = {1C1E2956-8F34-4265-B78C-6716611B3CFC}
		{1D500FF7-02C8-4884-9A23-B7F4862EDE79} = {1C1E2956-8F34-4265-B78C-6716611B3CFC}
		{DE033201-57B2-479A-A080-538EA80E7760} = {FE45C19E-FADA-40AC-9F64-2411B0C45D9E}
		{9D482D5E-D33E-4FC1-AD39-AF7D24BE5F4D} = {FE45C19E-FADA-40AC-9F64-2411B0C45D9E}
		{C301462A-DC0C-4AE1-9781-CA678BC37100} = {FE45C19E-FADA-40AC-9F64-2411B0C45D9E}
		{E8B94943-C6BF-4431-A291-F6C55B6CD4BB} = {4BE81BDC-C6D8-452D-A5B5-F8D720EBE652}
		{83D1DDBC-1D43-41C0-A1E0-54B9FD759C8B} = {4BE81BDC-C6D8-452D-A5B5-F8D720EBE652}
		{215424DE-838A-4825-BC99-412D6760C6F0} = {4BE81BDC-C6D8-452D-A5B5-F8D720EBE652}
		{E9A17718-9C7D-4534-AA73-9019CA8F153D} = {4BE81BDC-C6D8-452D-A5B5-F8D720EBE652}
		{EBADA332-DC13-47B1-890C-0746424DAB02} = {4960B577-4869-482F-890E-F6C9C2B6BF71}
		{9F3E2B55-A745-48DC-84A0-25DADB326D04} = {4960B577-4869-482F-890E-F6C9C2B6BF71}
		{EA3AD2CC-8A37-4F6E-863F-74B978032941} = {4960B577-4869-482F-890E-F6C9C2B6BF71}
		{9368CA0A-9F28-492D-8E14-F2E19AF86D54} = {44802C11-A087-45BC-8E91-89C5C4C56E3A}
		{B2C63534-5FED-40DA-8466-20E2CF59B49C} = {F495B847-3215-4FFA-9AED-9FCB4B4C6B2B}
		{7F215D58-28EF-464A-9F44-8BD5298CDDF4} = {F495B847-3215-4FFA-9AED-9FCB4B4C6B2B}
		{FCDAC261-7F56-4C5F-9EC2-D8A40A2BE694} = {17E427FE-8B6C-42A0-A808-490ADBFA3B24}
		{9798402E-4EBE-4291-AA38-9654FCD93C09} = {17E427FE-8B6C-42A0-A808-490ADBFA3B24}
		{10777EBF-969B-4A91-9B8B-DFD4EACE4AA7} = {983093DF-4BBB-4630-B147-E7423A3D0796}
		{A281C2E0-41B8-466C-9EE9-81795EEB5B17} = {983093DF-4BBB-4630-B147-E7423A3D0796}
		{5A666D0E-D931-45CC-8F95-C17F6BE799DA} = {8EEB8507-7ACB-40DC-8E50-16D0894EE1F7}
		{B6E97DDC-2EA9-49EC-8CD4-E7CECC71B0AF} = {1D500FF7-02C8-4884-9A23-B7F4862EDE79}
		{0B139497-B514-44D3-AC24-870988DC1B66} = {1D500FF7-02C8-4884-9A23-B7F4862EDE79}
		{D7F45B87-9B4B-48DC-8A91-70240C42B103} = {85FEC125-8DCC-41EC-94FF-C66253A5A6E2}
		{41879A35-79EB-4C28-A6A8-67C9C9728F25} = {85FEC125-8DCC-41EC-94FF-C66253A5A6E2}
		{EE57E957-1473-4931-8FD2-C3DA59327FCD} = {781702BE-9CE4-4C5D-92B6-5769B4125FDC}
		{C247BF9E-18A1-495E-A558-5B8E3DAC50AC} = {28F5E3C4-3806-4B2F-ABCA-12A08DB647D4}
		{A4693455-589C-4D2A-9E55-47DEC0F02373} = {28F5E3C4-3806-4B2F-ABCA-12A08DB647D4}
		{9F4F7F36-E4C8-4D6D-B98C-57AC09267048} = {E8B94943-C6BF-4431-A291-F6C55B6CD4BB}
		{4514A479-00BF-4252-8095-8E668A0AB804} = {E8B94943-C6BF-4431-A291-F6C55B6CD4BB}
		{CDDF6909-0147-49D0-B4C5-E4BDFE90A13E} = {83D1DDBC-1D43-41C0-A1E0-54B9FD759C8B}
		{7F4A9AFC-E8C7-494A-81B0-70C9944FEE12} = {215424DE-838A-4825-BC99-412D6760C6F0}
		{CBF104A4-40B6-4445-9419-DB1B8DAE88E3} = {215424DE-838A-4825-BC99-412D6760C6F0}
		{032F1AB6-1CCA-4FF2-B808-5D6D267FAC9A} = {DE033201-57B2-479A-A080-538EA80E7760}
		{ABD1C486-8ECD-4A44-BA6B-6F3ED26E053D} = {DE033201-57B2-479A-A080-538EA80E7760}
		{B2D71F82-7D0B-4776-B96D-13442872CF93} = {9D482D5E-D33E-4FC1-AD39-AF7D24BE5F4D}
		{D4E30C3B-818B-4FB4-857D-3A82DD110977} = {C301462A-DC0C-4AE1-9781-CA678BC37100}
		{E289DA78-CC76-408F-A036-2AED6B21348F} = {C301462A-DC0C-4AE1-9781-CA678BC37100}
		{77FB6CCA-93FB-4616-A960-67621DC77FAC} = {EBADA332-DC13-47B1-890C-0746424DAB02}
		{DCD5353A-A3CF-4FFE-B283-5AABA2AA3074} = {EBADA332-DC13-47B1-890C-0746424DAB02}
		{C68CB621-56DD-4BC8-84D6-12F728F65589} = {9F3E2B55-A745-48DC-84A0-25DADB326D04}
		{0348A7C8-392B-4945-A6F8-3E0238479767} = {EA3AD2CC-8A37-4F6E-863F-74B978032941}
		{015CCCCB-81D6-453E-8C28-64939A3F221E} = {EA3AD2CC-8A37-4F6E-863F-74B978032941}
	EndGlobalSection
	GlobalSection(ExtensibilityGlobals) = postSolution
		SolutionGuid = {58B3181E-9951-4FD8-9407-9C1C77E176B5}
	EndGlobalSection
EndGlobal
