
Microsoft Visual Studio Solution File, Format Version 12.00
# Visual Studio Version 17
VisualStudioVersion = 17.2.32630.192
MinimumVisualStudioVersion = 10.0.40219.1
Project("{2150E333-8FDC-42A3-9474-1A3956D46DE8}") = "AccountManagement", "AccountManagement", "{4960B577-4869-482F-890E-F6C9C2B6BF71}"
EndProject
Project("{2150E333-8FDC-42A3-9474-1A3956D46DE8}") = "BlogManagement", "BlogManagement", "{4BE81BDC-C6D8-452D-A5B5-F8D720EBE652}"
EndProject
Project("{2150E333-8FDC-42A3-9474-1A3956D46DE8}") = "CommentManagement", "CommentManagement", "{FE45C19E-FADA-40AC-9F64-2411B0C45D9E}"
EndProject
Project("{2150E333-8FDC-42A3-9474-1A3956D46DE8}") = "DiscountManagement", "DiscountManagement", "{1C1E2956-8F34-4265-B78C-6716611B3CFC}"
EndProject
Project("{2150E333-8FDC-42A3-9474-1A3956D46DE8}") = "InventoryManagement", "InventoryManagement", "{A045ED59-BF79-4DA1-8403-8C5C8B8568A0}"
EndProject
Project("{2150E333-8FDC-42A3-9474-1A3956D46DE8}") = "ShopManagement", "ShopManagement", "{77D4628E-FDB6-42C4-BCCE-BE59718879EF}"
EndProject
Project("{2150E333-8FDC-42A3-9474-1A3956D46DE8}") = "SM.Application", "SM.Application", "{F495B847-3215-4FFA-9AED-9FCB4B4C6B2B}"
EndProject
Project("{2150E333-8FDC-42A3-9474-1A3956D46DE8}") = "SM.Domain", "SM.Domain", "{44802C11-A087-45BC-8E91-89C5C4C56E3A}"
EndProject
Project("{2150E333-8FDC-42A3-9474-1A3956D46DE8}") = "SM.Infrastructure", "SM.Infrastructure", "{17E427FE-8B6C-42A0-A808-490ADBFA3B24}"
EndProject
Project("{2150E333-8FDC-42A3-9474-1A3956D46DE8}") = "SM.Presentation", "SM.Presentation", "{5740412A-B105-4E1C-A5EB-ABE82429A602}"
EndProject
Project("{2150E333-8FDC-42A3-9474-1A3956D46DE8}") = "IM.Application", "IM.Application", "{85FEC125-8DCC-41EC-94FF-C66253A5A6E2}"
EndProject
Project("{2150E333-8FDC-42A3-9474-1A3956D46DE8}") = "IM.Domain", "IM.Domain", "{781702BE-9CE4-4C5D-92B6-5769B4125FDC}"
EndProject
Project("{2150E333-8FDC-42A3-9474-1A3956D46DE8}") = "IM.Infrastructure", "IM.Infrastructure", "{28F5E3C4-3806-4B2F-ABCA-12A08DB647D4}"
EndProject
Project("{2150E333-8FDC-42A3-9474-1A3956D46DE8}") = "IM.Presentation", "IM.Presentation", "{E50D389D-7F4A-4D72-A043-EEE011B76BFD}"
EndProject
Project("{2150E333-8FDC-42A3-9474-1A3956D46DE8}") = "DM.Application", "DM.Application", "{983093DF-4BBB-4630-B147-E7423A3D0796}"
EndProject
Project("{2150E333-8FDC-42A3-9474-1A3956D46DE8}") = "DM.Domain", "DM.Domain", "{8EEB8507-7ACB-40DC-8E50-16D0894EE1F7}"
EndProject
Project("{2150E333-8FDC-42A3-9474-1A3956D46DE8}") = "DM.Infrastructure", "DM.Infrastructure", "{1D500FF7-02C8-4884-9A23-B7F4862EDE79}"
EndProject
Project("{2150E333-8FDC-42A3-9474-1A3956D46DE8}") = "CM.Application", "CM.Application", "{DE033201-57B2-479A-A080-538EA80E7760}"
EndProject
Project("{2150E333-8FDC-42A3-9474-1A3956D46DE8}") = "CM.Domain", "CM.Domain", "{9D482D5E-D33E-4FC1-AD39-AF7D24BE5F4D}"
EndProject
Project("{2150E333-8FDC-42A3-9474-1A3956D46DE8}") = "CM.Infrastructure", "CM.Infrastructure", "{C301462A-DC0C-4AE1-9781-CA678BC37100}"
EndProject
Project("{2150E333-8FDC-42A3-9474-1A3956D46DE8}") = "BM.Application", "BM.Application", "{E8B94943-C6BF-4431-A291-F6C55B6CD4BB}"
EndProject
Project("{2150E333-8FDC-42A3-9474-1A3956D46DE8}") = "BM.Domain", "BM.Domain", "{83D1DDBC-1D43-41C0-A1E0-54B9FD759C8B}"
EndProject
Project("{2150E333-8FDC-42A3-9474-1A3956D46DE8}") = "BM.Infrastructure", "BM.Infrastructure", "{215424DE-838A-4825-BC99-412D6760C6F0}"
EndProject
Project("{2150E333-8FDC-42A3-9474-1A3956D46DE8}") = "BM.Presentation", "BM.Presentation", "{E9A17718-9C7D-4534-AA73-9019CA8F153D}"
EndProject
Project("{2150E333-8FDC-42A3-9474-1A3956D46DE8}") = "AM.Application", "AM.Application", "{EBADA332-DC13-47B1-890C-0746424DAB02}"
EndProject
Project("{2150E333-8FDC-42A3-9474-1A3956D46DE8}") = "AM.Domain", "AM.Domain", "{9F3E2B55-A745-48DC-84A0-25DADB326D04}"
EndProject
Project("{2150E333-8FDC-42A3-9474-1A3956D46DE8}") = "AM.Infrastructure", "AM.Infrastructure", "{EA3AD2CC-8A37-4F6E-863F-74B978032941}"
EndProject
Project("{FAE04EC0-301F-11D3-BF4B-00C04F79EFBC}") = "ServiceHost", "ServiceHost\ServiceHost.csproj", "{68E43DF1-9446-4235-A532-95C5AA943FA3}"
EndProject
Project("{FAE04EC0-301F-11D3-BF4B-00C04F79EFBC}") = "0_Framework", "0_Framework\0_Framework.csproj", "{A26826F1-E313-480E-AF38-E0117D10FEC5}"
EndProject
Project("{FAE04EC0-301F-11D3-BF4B-00C04F79EFBC}") = "01_PharmacyQuery", "01_PharmacyQuery\01_PharmacyQuery.csproj", "{C81437E9-774D-4998-A8B5-A2989C27E2DE}"
EndProject
Project("{FAE04EC0-301F-11D3-BF4B-00C04F79EFBC}") = "ShopManagement.Domain", "ShopManagement.Domain\ShopManagement.Domain.csproj", "{9368CA0A-9F28-492D-8E14-F2E19AF86D54}"
EndProject
Project("{FAE04EC0-301F-11D3-BF4B-00C04F79EFBC}") = "ShopManagement.Application", "ShopManagement.Application\ShopManagement.Application.csproj", "{B2C63534-5FED-40DA-8466-20E2CF59B49C}"
EndProject
Project("{FAE04EC0-301F-11D3-BF4B-00C04F79EFBC}") = "ShopManagement.Application.Contracts", "ShopManagement.Application.Contracts\ShopManagement.Application.Contracts.csproj", "{7F215D58-28EF-464A-9F44-8BD5298CDDF4}"
EndProject
Project("{FAE04EC0-301F-11D3-BF4B-00C04F79EFBC}") = "ShopManagement.Configuration", "ShopManagement.Configuration\ShopManagement.Configuration.csproj", "{FCDAC261-7F56-4C5F-9EC2-D8A40A2BE694}"
EndProject
Project("{FAE04EC0-301F-11D3-BF4B-00C04F79EFBC}") = "ShopManagement.Infrastructure.EFCore", "ShopManagement.Infrastructure.EFCore\ShopManagement.Infrastructure.EFCore.csproj", "{9798402E-4EBE-4291-AA38-9654FCD93C09}"
EndProject
Global
	GlobalSection(SolutionConfigurationPlatforms) = preSolution
		Debug|Any CPU = Debug|Any CPU
		Release|Any CPU = Release|Any CPU
	EndGlobalSection
	GlobalSection(ProjectConfigurationPlatforms) = postSolution
		{68E43DF1-9446-4235-A532-95C5AA943FA3}.Debug|Any CPU.ActiveCfg = Debug|Any CPU
		{68E43DF1-9446-4235-A532-95C5AA943FA3}.Debug|Any CPU.Build.0 = Debug|Any CPU
		{68E43DF1-9446-4235-A532-95C5AA943FA3}.Release|Any CPU.ActiveCfg = Release|Any CPU
		{68E43DF1-9446-4235-A532-95C5AA943FA3}.Release|Any CPU.Build.0 = Release|Any CPU
		{A26826F1-E313-480E-AF38-E0117D10FEC5}.Debug|Any CPU.ActiveCfg = Debug|Any CPU
		{A26826F1-E313-480E-AF38-E0117D10FEC5}.Debug|Any CPU.Build.0 = Debug|Any CPU
		{A26826F1-E313-480E-AF38-E0117D10FEC5}.Release|Any CPU.ActiveCfg = Release|Any CPU
		{A26826F1-E313-480E-AF38-E0117D10FEC5}.Release|Any CPU.Build.0 = Release|Any CPU
		{C81437E9-774D-4998-A8B5-A2989C27E2DE}.Debug|Any CPU.ActiveCfg = Debug|Any CPU
		{C81437E9-774D-4998-A8B5-A2989C27E2DE}.Debug|Any CPU.Build.0 = Debug|Any CPU
		{C81437E9-774D-4998-A8B5-A2989C27E2DE}.Release|Any CPU.ActiveCfg = Release|Any CPU
		{C81437E9-774D-4998-A8B5-A2989C27E2DE}.Release|Any CPU.Build.0 = Release|Any CPU
		{9368CA0A-9F28-492D-8E14-F2E19AF86D54}.Debug|Any CPU.ActiveCfg = Debug|Any CPU
		{9368CA0A-9F28-492D-8E14-F2E19AF86D54}.Debug|Any CPU.Build.0 = Debug|Any CPU
		{9368CA0A-9F28-492D-8E14-F2E19AF86D54}.Release|Any CPU.ActiveCfg = Release|Any CPU
		{9368CA0A-9F28-492D-8E14-F2E19AF86D54}.Release|Any CPU.Build.0 = Release|Any CPU
		{B2C63534-5FED-40DA-8466-20E2CF59B49C}.Debug|Any CPU.ActiveCfg = Debug|Any CPU
		{B2C63534-5FED-40DA-8466-20E2CF59B49C}.Debug|Any CPU.Build.0 = Debug|Any CPU
		{B2C63534-5FED-40DA-8466-20E2CF59B49C}.Release|Any CPU.ActiveCfg = Release|Any CPU
		{B2C63534-5FED-40DA-8466-20E2CF59B49C}.Release|Any CPU.Build.0 = Release|Any CPU
		{7F215D58-28EF-464A-9F44-8BD5298CDDF4}.Debug|Any CPU.ActiveCfg = Debug|Any CPU
		{7F215D58-28EF-464A-9F44-8BD5298CDDF4}.Debug|Any CPU.Build.0 = Debug|Any CPU
		{7F215D58-28EF-464A-9F44-8BD5298CDDF4}.Release|Any CPU.ActiveCfg = Release|Any CPU
		{7F215D58-28EF-464A-9F44-8BD5298CDDF4}.Release|Any CPU.Build.0 = Release|Any CPU
		{FCDAC261-7F56-4C5F-9EC2-D8A40A2BE694}.Debug|Any CPU.ActiveCfg = Debug|Any CPU
		{FCDAC261-7F56-4C5F-9EC2-D8A40A2BE694}.Debug|Any CPU.Build.0 = Debug|Any CPU
		{FCDAC261-7F56-4C5F-9EC2-D8A40A2BE694}.Release|Any CPU.ActiveCfg = Release|Any CPU
		{FCDAC261-7F56-4C5F-9EC2-D8A40A2BE694}.Release|Any CPU.Build.0 = Release|Any CPU
		{9798402E-4EBE-4291-AA38-9654FCD93C09}.Debug|Any CPU.ActiveCfg = Debug|Any CPU
		{9798402E-4EBE-4291-AA38-9654FCD93C09}.Debug|Any CPU.Build.0 = Debug|Any CPU
		{9798402E-4EBE-4291-AA38-9654FCD93C09}.Release|Any CPU.ActiveCfg = Release|Any CPU
		{9798402E-4EBE-4291-AA38-9654FCD93C09}.Release|Any CPU.Build.0 = Release|Any CPU
	EndGlobalSection
	GlobalSection(SolutionProperties) = preSolution
		HideSolutionNode = FALSE
	EndGlobalSection
	GlobalSection(NestedProjects) = preSolution
		{F495B847-3215-4FFA-9AED-9FCB4B4C6B2B} = {77D4628E-FDB6-42C4-BCCE-BE59718879EF}
		{44802C11-A087-45BC-8E91-89C5C4C56E3A} = {77D4628E-FDB6-42C4-BCCE-BE59718879EF}
		{17E427FE-8B6C-42A0-A808-490ADBFA3B24} = {77D4628E-FDB6-42C4-BCCE-BE59718879EF}
		{5740412A-B105-4E1C-A5EB-ABE82429A602} = {77D4628E-FDB6-42C4-BCCE-BE59718879EF}
		{85FEC125-8DCC-41EC-94FF-C66253A5A6E2} = {A045ED59-BF79-4DA1-8403-8C5C8B8568A0}
		{781702BE-9CE4-4C5D-92B6-5769B4125FDC} = {A045ED59-BF79-4DA1-8403-8C5C8B8568A0}
		{28F5E3C4-3806-4B2F-ABCA-12A08DB647D4} = {A045ED59-BF79-4DA1-8403-8C5C8B8568A0}
		{E50D389D-7F4A-4D72-A043-EEE011B76BFD} = {A045ED59-BF79-4DA1-8403-8C5C8B8568A0}
		{983093DF-4BBB-4630-B147-E7423A3D0796} = {1C1E2956-8F34-4265-B78C-6716611B3CFC}
		{8EEB8507-7ACB-40DC-8E50-16D0894EE1F7} = {1C1E2956-8F34-4265-B78C-6716611B3CFC}
		{1D500FF7-02C8-4884-9A23-B7F4862EDE79} = {1C1E2956-8F34-4265-B78C-6716611B3CFC}
		{DE033201-57B2-479A-A080-538EA80E7760} = {FE45C19E-FADA-40AC-9F64-2411B0C45D9E}
		{9D482D5E-D33E-4FC1-AD39-AF7D24BE5F4D} = {FE45C19E-FADA-40AC-9F64-2411B0C45D9E}
		{C301462A-DC0C-4AE1-9781-CA678BC37100} = {FE45C19E-FADA-40AC-9F64-2411B0C45D9E}
		{E8B94943-C6BF-4431-A291-F6C55B6CD4BB} = {4BE81BDC-C6D8-452D-A5B5-F8D720EBE652}
		{83D1DDBC-1D43-41C0-A1E0-54B9FD759C8B} = {4BE81BDC-C6D8-452D-A5B5-F8D720EBE652}
		{215424DE-838A-4825-BC99-412D6760C6F0} = {4BE81BDC-C6D8-452D-A5B5-F8D720EBE652}
		{E9A17718-9C7D-4534-AA73-9019CA8F153D} = {4BE81BDC-C6D8-452D-A5B5-F8D720EBE652}
		{EBADA332-DC13-47B1-890C-0746424DAB02} = {4960B577-4869-482F-890E-F6C9C2B6BF71}
		{9F3E2B55-A745-48DC-84A0-25DADB326D04} = {4960B577-4869-482F-890E-F6C9C2B6BF71}
		{EA3AD2CC-8A37-4F6E-863F-74B978032941} = {4960B577-4869-482F-890E-F6C9C2B6BF71}
		{9368CA0A-9F28-492D-8E14-F2E19AF86D54} = {44802C11-A087-45BC-8E91-89C5C4C56E3A}
		{B2C63534-5FED-40DA-8466-20E2CF59B49C} = {F495B847-3215-4FFA-9AED-9FCB4B4C6B2B}
		{7F215D58-28EF-464A-9F44-8BD5298CDDF4} = {F495B847-3215-4FFA-9AED-9FCB4B4C6B2B}
		{FCDAC261-7F56-4C5F-9EC2-D8A40A2BE694} = {17E427FE-8B6C-42A0-A808-490ADBFA3B24}
		{9798402E-4EBE-4291-AA38-9654FCD93C09} = {17E427FE-8B6C-42A0-A808-490ADBFA3B24}
	EndGlobalSection
	GlobalSection(ExtensibilityGlobals) = postSolution
		SolutionGuid = {58B3181E-9951-4FD8-9407-9C1C77E176B5}
	EndGlobalSection
EndGlobal
